
Microsoft Visual Studio Solution File, Format Version 12.00
# Visual Studio 15
VisualStudioVersion = 15.0.27428.2037
MinimumVisualStudioVersion = 10.0.40219.1
Project("{8BC9CEB8-8B4A-11D0-8D11-00A0C91BC942}") = "NeuralNetworks2", "NeuralNetworks2\NeuralNetworks2.vcxproj", "{E5800999-8130-40C9-A742-B2D8729E104D}"
EndProject
Global
	GlobalSection(SolutionConfigurationPlatforms) = preSolution
		Debug|x64 = Debug|x64
		Debug|x86 = Debug|x86
		Release|x64 = Release|x64
		Release|x86 = Release|x86
	EndGlobalSection
	GlobalSection(ProjectConfigurationPlatforms) = postSolution
		{E5800999-8130-40C9-A742-B2D8729E104D}.Debug|x64.ActiveCfg = Debug|x64
		{E5800999-8130-40C9-A742-B2D8729E104D}.Debug|x64.Build.0 = Debug|x64
		{E5800999-8130-40C9-A742-B2D8729E104D}.Debug|x86.ActiveCfg = Debug|Win32
		{E5800999-8130-40C9-A742-B2D8729E104D}.Debug|x86.Build.0 = Debug|Win32
		{E5800999-8130-40C9-A742-B2D8729E104D}.Release|x64.ActiveCfg = Release|x64
		{E5800999-8130-40C9-A742-B2D8729E104D}.Release|x64.Build.0 = Release|x64
		{E5800999-8130-40C9-A742-B2D8729E104D}.Release|x86.ActiveCfg = Release|Win32
		{E5800999-8130-40C9-A742-B2D8729E104D}.Release|x86.Build.0 = Release|Win32
	EndGlobalSection
	GlobalSection(SolutionProperties) = preSolution
		HideSolutionNode = FALSE
	EndGlobalSection
	GlobalSection(ExtensibilityGlobals) = postSolution
		SolutionGuid = {11FDAAC9-9BB1-49DF-9391-7A86A77DE35A}
	EndGlobalSection
EndGlobal
